{
  "version": 4,
  "terraform_version": "1.5.7",
  "serial": 6,
  "lineage": "92065858-48ae-8eb0-8258-ac8253b72013",
  "outputs": {},
  "resources": [
    {
      "mode": "managed",
      "type": "google_container_cluster",
      "name": "primary",
      "provider": "provider[\"registry.terraform.io/hashicorp/google\"]",
      "instances": [
        {
          "schema_version": 2,
          "attributes": {
            "addons_config": [
              {
                "cloudrun_config": [],
                "config_connector_config": [],
                "dns_cache_config": [
                  {
                    "enabled": true
                  }
                ],
                "gce_persistent_disk_csi_driver_config": [
                  {
                    "enabled": true
                  }
                ],
                "gcp_filestore_csi_driver_config": [],
                "gcs_fuse_csi_driver_config": [],
                "gke_backup_agent_config": [],
                "horizontal_pod_autoscaling": [],
                "http_load_balancing": [],
                "network_policy_config": [
                  {
                    "disabled": true
                  }
                ],
                "ray_operator_config": [],
                "stateful_ha_config": []
              }
            ],
            "allow_net_admin": null,
            "authenticator_groups_config": [],
            "binary_authorization": [
              {
                "enabled": false,
                "evaluation_mode": ""
              }
            ],
            "cluster_autoscaling": [
              {
                "auto_provisioning_defaults": [],
                "auto_provisioning_locations": [],
                "autoscaling_profile": "OPTIMIZE_UTILIZATION",
                "enabled": false,
                "resource_limits": []
              }
            ],
            "cluster_ipv4_cidr": "10.1.0.0/16",
            "confidential_nodes": [],
            "cost_management_config": [],
            "database_encryption": [
              {
                "key_name": "",
                "state": "DECRYPTED"
              }
            ],
            "datapath_provider": "ADVANCED_DATAPATH",
            "default_max_pods_per_node": 110,
            "default_snat_status": [
              {
                "disabled": false
              }
            ],
            "deletion_protection": true,
            "description": "",
            "dns_config": [],
            "enable_autopilot": false,
            "enable_cilium_clusterwide_network_policy": false,
            "enable_intranode_visibility": false,
            "enable_k8s_beta_apis": [],
            "enable_kubernetes_alpha": false,
            "enable_l4_ilb_subsetting": false,
            "enable_legacy_abac": false,
            "enable_multi_networking": false,
            "enable_shielded_nodes": true,
            "enable_tpu": false,
            "endpoint": "34.72.60.122",
            "fleet": [],
            "gateway_api_config": [
              {
                "channel": "CHANNEL_STANDARD"
              }
            ],
            "id": "projects/my-gke-project-3/locations/us-central1/clusters/prod-cluster",
            "identity_service_config": [],
            "initial_node_count": 1,
            "ip_allocation_policy": [
              {
                "additional_pod_ranges_config": [],
                "cluster_ipv4_cidr_block": "10.1.0.0/16",
                "cluster_secondary_range_name": "pod-ranges",
                "pod_cidr_overprovision_config": [
                  {
                    "disabled": false
                  }
                ],
                "services_ipv4_cidr_block": "10.2.0.0/20",
                "services_secondary_range_name": "svc-ranges",
                "stack_type": "IPV4"
              }
            ],
            "label_fingerprint": "a9dc16a7",
            "location": "us-central1",
            "logging_config": [
              {
                "enable_components": [
                  "SYSTEM_COMPONENTS",
                  "WORKLOADS"
                ]
              }
            ],
            "logging_service": "logging.googleapis.com/kubernetes",
            "maintenance_policy": [],
            "master_auth": [
              {
                "client_certificate": "",
                "client_certificate_config": [
                  {
                    "issue_client_certificate": false
                  }
                ],
                "client_key": "",
                "cluster_ca_certificate": "LS0tLS1CRUdJTiBDRVJUSUZJQ0FURS0tLS0tCk1JSUVMVENDQXBXZ0F3SUJBZ0lSQU45WGhGZVB6YUhzMzlnSHNmajNROE13RFFZSktvWklodmNOQVFFTEJRQXcKTHpFdE1Dc0dBMVVFQXhNa01USmhNalkxWVRJdFpUSTJaQzAwTkRKa0xXRTJNMkl0WkRaaU9XVXpNVGhsTmpSbApNQ0FYRFRJMk1ETXdNakV3TlRjMU5Gb1lEekl3TlRZd01qSXpNVEUxTnpVMFdqQXZNUzB3S3dZRFZRUURFeVF4Ck1tRXlOalZoTWkxbE1qWmtMVFEwTW1RdFlUWXpZaTFrTm1JNVpUTXhPR1UyTkdVd2dnR2lNQTBHQ1NxR1NJYjMKRFFFQkFRVUFBNElCandBd2dnR0tBb0lCZ1FEQThTcHczb1ZYemhOclhzUUk0L2YyQTI3QmJmTGlsMHBhNHlCTQppaU4vOHZvSjFZWFRsaFJDRFhqc1B6VFkvNVFmS0FDQTVtWDlROWFlcHN5NU9ZTEpDVUJ5RnFVNUlicVgxcHBKCjdqc1YyZmxRNWpvekpmYlYvNS82ZHkyTFhvendoOThlV0d5cWRkSXJYZEVYNFpMSFhYSU9VeHVNSU1IdGtzTUgKendQM0JhMWFON1pGUjNkeVgrR09MTDU2ZnNCNnZGc2hiaXp4ZnJtQTZ4ZU82UEtqRFYxNTNTR2ZZYytvdlZMOQpxWTR4Zk9SakFFTnowdjFhY1Qwd2JOTXFBU1IrK1Fmdjh2RWMzVjlWS0ZqVEFSMmN5ZVRxVmlMV3ZnZTliTHdiCllocjA4ZG9Nd2lKR2laSzBVczkzUWduak5YcHI5eW5rSTcySHM1ZXRNSUZNY2ZQU1k2bGpVQVhTelB2djJ1VUEKSnRsTlMvVEtaQzkxYlFoTE05M3BYYjRuMVFDWWpvR0djMW1rYjlaUEhxaHdyVjlGbWpsY00yN3U4aXdpSzE0NApvTjlmbmZMaitYd2xYYjJWZFJOa05aOElaZEJRaUM4SVBQaCtJbC9zQ21KY2xtd0R0ZE1LY0tzTWZOT0FzeUhFCkdHUEMrTDE5bTd2YkYvL1FXakFOWCtPM1lvOENBd0VBQWFOQ01FQXdEZ1lEVlIwUEFRSC9CQVFEQWdJRU1BOEcKQTFVZEV3RUIvd1FGTUFNQkFmOHdIUVlEVlIwT0JCWUVGTDFKUXVnUnpTcjBCWVBMaDJTNm9QczFhSitLTUEwRwpDU3FHU0liM0RRRUJDd1VBQTRJQmdRQ0ZyaTYvTk14M2sxLzBPMnZyaTBHS2dwaGhHT21DV3g4QjIwb1R1d3BPCmZmNTM2b0dOSFdNTjh3SjNQcEZkSFVWUnBYcGVJQU9pNm90NXBqcnU2R096MTZVclF6dDB2UVRNRzFiS2xsaVQKK2haU0l6THdaNTB3MndPdGdUSnY4QmlIZ1pmbEdKTFRteFVzZHhaSWdXTmtoRkJoLzRUb09iR1JFalMxYjM1ZwpxRFl3bTZQVTVBWmVHeHRqejNiM3U1K0VCZjM2R3F1NWxvVXpWYm9Uem9UL2ZVYkdML00zUm1JeWRNWUFPQ0pvCmpIT3lGMERDajJYTnVwQWp4aTRORlRLamEweGllOUxrbXFCK3Z6WnBNWEZGNTF3U3g4OG1EbXRQbkxERFZ0YjAKcEF2U0syMU0xVHRlWmpTdzJLd3dlVlEwaENmdGMycE1IellYRjM3R0l6Yjl2dEdrTzZoMGZ6RWI2VzQ2d1ptaQpYN3pXRzFPdktQTk5jUFE3cVNBalJqOHV2bFo0VCt2eWFUNHNaaU9BVUhUcVRWN3E0RklzVnlybFJJSFdMbWR0Cnl4a0pmbHZmTGp2LzhUOFlZYkZzbGVvU2ZTemVxVS9DNDEySHFXWS9OLzhiTlZCSHBUaXBnVktiSTczR2IvL2UKQVl0WU5iekJOcUFZeStpc1hLRFM0Tlk9Ci0tLS0tRU5EIENFUlRJRklDQVRFLS0tLS0K"
              }
            ],
            "master_authorized_networks_config": [],
            "master_version": "1.34.3-gke.1318000",
            "mesh_certificates": [],
            "min_master_version": null,
            "monitoring_config": [
              {
                "advanced_datapath_observability_config": [
                  {
                    "enable_metrics": false,
                    "enable_relay": false,
                    "relay_mode": "DISABLED"
                  }
                ],
                "enable_components": [
                  "SYSTEM_COMPONENTS",
                  "DEPLOYMENT",
                  "STATEFULSET",
                  "JOBSET",
                  "STORAGE",
                  "HPA",
                  "POD",
                  "DAEMONSET",
                  "CADVISOR",
                  "KUBELET",
                  "DCGM"
                ],
                "managed_prometheus": [
                  {
                    "enabled": true
                  }
                ]
              }
            ],
            "monitoring_service": "monitoring.googleapis.com/kubernetes",
            "name": "prod-cluster",
            "network": "projects/test-project2-409608/global/networks/gke-shared-vpc",
            "network_policy": [
              {
                "enabled": false,
                "provider": "PROVIDER_UNSPECIFIED"
              }
            ],
            "networking_mode": "VPC_NATIVE",
            "node_config": [],
            "node_locations": [
              "us-central1-a",
              "us-central1-b",
              "us-central1-f"
            ],
            "node_pool": [],
            "node_pool_auto_config": [
              {
                "network_tags": [],
                "node_kubelet_config": [
                  {
                    "insecure_kubelet_readonly_port_enabled": "FALSE"
                  }
                ],
                "resource_manager_tags": {}
              }
            ],
            "node_pool_defaults": [
              {
                "node_config_defaults": [
                  {
                    "containerd_config": [],
                    "insecure_kubelet_readonly_port_enabled": "FALSE",
                    "logging_variant": "DEFAULT"
                  }
                ]
              }
            ],
            "node_version": "1.34.3-gke.1318000",
            "notification_config": [
              {
                "pubsub": [
                  {
                    "enabled": false,
                    "filter": [],
                    "topic": ""
                  }
                ]
              }
            ],
            "operation": null,
            "private_cluster_config": [
              {
                "enable_private_endpoint": false,
                "enable_private_nodes": true,
                "master_global_access_config": [
                  {
                    "enabled": false
                  }
                ],
                "master_ipv4_cidr_block": "172.16.0.0/28",
                "peering_name": "",
                "private_endpoint": "172.16.0.2",
                "private_endpoint_subnetwork": "",
                "public_endpoint": "34.72.60.122"
              }
            ],
            "private_ipv6_google_access": "",
            "project": "my-gke-project-3",
            "release_channel": [
              {
                "channel": "REGULAR"
              }
            ],
            "remove_default_node_pool": true,
            "resource_labels": null,
            "resource_usage_export_config": [],
            "security_posture_config": [
              {
                "mode": "BASIC",
                "vulnerability_mode": "VULNERABILITY_MODE_UNSPECIFIED"
              }
            ],
            "self_link": "https://container.googleapis.com/v1/projects/my-gke-project-3/locations/us-central1/clusters/prod-cluster",
            "service_external_ips_config": [
              {
                "enabled": false
              }
            ],
            "services_ipv4_cidr": "10.2.0.0/20",
            "subnetwork": "projects/test-project2-409608/regions/us-central1/subnetworks/gke-prod-subnet",
            "timeouts": null,
            "tpu_ipv4_cidr_block": "",
            "vertical_pod_autoscaling": [],
            "workload_identity_config": [
              {
                "workload_pool": "my-gke-project-3.svc.id.goog"
              }
            ]
          },
          "sensitive_attributes": [],
          "private": "eyJlMmJmYjczMC1lY2FhLTExZTYtOGY4OC0zNDM2M2JjN2M0YzAiOnsiY3JlYXRlIjoyNDAwMDAwMDAwMDAwLCJkZWxldGUiOjI0MDAwMDAwMDAwMDAsInJlYWQiOjI0MDAwMDAwMDAwMDAsInVwZGF0ZSI6MzYwMDAwMDAwMDAwMH0sInNjaGVtYV92ZXJzaW9uIjoiMiJ9"
        }
      ]
    },
    {
      "mode": "managed",
      "type": "google_container_node_pool",
      "name": "spot_nodes",
      "provider": "provider[\"registry.terraform.io/hashicorp/google\"]",
      "instances": [
        {
          "schema_version": 1,
          "attributes": {
            "autoscaling": [
              {
                "location_policy": "ANY",
                "max_node_count": 10,
                "min_node_count": 1,
                "total_max_node_count": 0,
                "total_min_node_count": 0
              }
            ],
            "cluster": "projects/my-gke-project-3/locations/us-central1/clusters/prod-cluster",
            "id": "projects/my-gke-project-3/locations/us-central1/clusters/prod-cluster/nodePools/spot-frontend-pool",
            "initial_node_count": 0,
            "instance_group_urls": [
              "https://www.googleapis.com/compute/v1/projects/my-gke-project-3/zones/us-central1-b/instanceGroupManagers/gke-prod-cluster-spot-frontend-pool-900fd1d9-grp",
              "https://www.googleapis.com/compute/v1/projects/my-gke-project-3/zones/us-central1-f/instanceGroupManagers/gke-prod-cluster-spot-frontend-pool-12aff7e9-grp",
              "https://www.googleapis.com/compute/v1/projects/my-gke-project-3/zones/us-central1-a/instanceGroupManagers/gke-prod-cluster-spot-frontend-pool-1929ce8b-grp"
            ],
            "location": "us-central1",
            "managed_instance_group_urls": [
              "https://www.googleapis.com/compute/v1/projects/my-gke-project-3/zones/us-central1-b/instanceGroups/gke-prod-cluster-spot-frontend-pool-900fd1d9-grp",
              "https://www.googleapis.com/compute/v1/projects/my-gke-project-3/zones/us-central1-f/instanceGroups/gke-prod-cluster-spot-frontend-pool-12aff7e9-grp",
              "https://www.googleapis.com/compute/v1/projects/my-gke-project-3/zones/us-central1-a/instanceGroups/gke-prod-cluster-spot-frontend-pool-1929ce8b-grp"
            ],
            "management": [
              {
                "auto_repair": true,
                "auto_upgrade": true
              }
            ],
            "max_pods_per_node": 110,
            "name": "spot-frontend-pool",
            "name_prefix": "",
            "network_config": [
              {
                "additional_node_network_configs": [],
                "additional_pod_network_configs": [],
                "create_pod_range": false,
                "enable_private_nodes": true,
                "network_performance_config": [],
                "pod_cidr_overprovision_config": [],
                "pod_ipv4_cidr_block": "10.1.0.0/16",
                "pod_range": "pod-ranges"
              }
            ],
            "node_config": [
              {
                "advanced_machine_features": [],
                "boot_disk_kms_key": "",
                "confidential_nodes": [],
                "containerd_config": [],
                "disk_size_gb": 100,
                "disk_type": "pd-balanced",
                "effective_taints": [
                  {
                    "effect": "NO_SCHEDULE",
                    "key": "cloud.google.com/gke-spot",
                    "value": "true"
                  }
                ],
                "enable_confidential_storage": false,
                "ephemeral_storage_local_ssd_config": [],
                "fast_socket": [],
                "gcfs_config": [],
                "guest_accelerator": [],
                "gvnic": [],
                "host_maintenance_policy": [],
                "image_type": "COS_CONTAINERD",
                "kubelet_config": [
                  {
                    "cpu_cfs_quota": false,
                    "cpu_cfs_quota_period": "",
                    "cpu_manager_policy": "",
                    "insecure_kubelet_readonly_port_enabled": "FALSE",
                    "pod_pids_limit": 0
                  }
                ],
                "labels": {
                  "finops.tier": "frontend"
                },
                "linux_node_config": [],
                "local_nvme_ssd_block_config": [],
                "local_ssd_count": 0,
                "logging_variant": "DEFAULT",
                "machine_type": "e2-standard-2",
                "metadata": {
                  "disable-legacy-endpoints": "true"
                },
                "min_cpu_platform": "",
                "node_group": "",
                "oauth_scopes": [
                  "https://www.googleapis.com/auth/devstorage.read_only",
                  "https://www.googleapis.com/auth/logging.write",
                  "https://www.googleapis.com/auth/monitoring",
                  "https://www.googleapis.com/auth/service.management.readonly",
                  "https://www.googleapis.com/auth/servicecontrol",
                  "https://www.googleapis.com/auth/trace.append"
                ],
                "preemptible": false,
                "reservation_affinity": [],
                "resource_labels": {
                  "goog-gke-node-pool-provisioning-model": "spot"
                },
                "resource_manager_tags": null,
                "secondary_boot_disks": [],
                "service_account": "default",
                "shielded_instance_config": [
                  {
                    "enable_integrity_monitoring": true,
                    "enable_secure_boot": true
                  }
                ],
                "sole_tenant_config": [],
                "spot": true,
                "tags": null,
                "taint": [
                  {
                    "effect": "NO_SCHEDULE",
                    "key": "cloud.google.com/gke-spot",
                    "value": "true"
                  }
                ],
                "workload_metadata_config": [
                  {
                    "mode": "GKE_METADATA"
                  }
                ]
              }
            ],
            "node_count": 0,
            "node_locations": [
              "us-central1-a",
              "us-central1-b",
              "us-central1-f"
            ],
            "operation": null,
            "placement_policy": [],
            "project": "my-gke-project-3",
            "queued_provisioning": [],
            "timeouts": null,
            "upgrade_settings": [
              {
                "blue_green_settings": [],
                "max_surge": 1,
                "max_unavailable": 0,
                "strategy": "SURGE"
              }
            ],
            "version": "1.34.3-gke.1318000"
          },
          "sensitive_attributes": [],
          "private": "eyJlMmJmYjczMC1lY2FhLTExZTYtOGY4OC0zNDM2M2JjN2M0YzAiOnsiY3JlYXRlIjoxODAwMDAwMDAwMDAwLCJkZWxldGUiOjE4MDAwMDAwMDAwMDAsInVwZGF0ZSI6MTgwMDAwMDAwMDAwMH0sInNjaGVtYV92ZXJzaW9uIjoiMSJ9",
          "dependencies": [
            "google_container_cluster.primary"
          ]
        }
      ]
    },
    {
      "mode": "managed",
      "type": "google_container_node_pool",
      "name": "standard_nodes",
      "provider": "provider[\"registry.terraform.io/hashicorp/google\"]",
      "instances": [
        {
          "schema_version": 1,
          "attributes": {
            "autoscaling": [
              {
                "location_policy": "BALANCED",
                "max_node_count": 5,
                "min_node_count": 1,
                "total_max_node_count": 0,
                "total_min_node_count": 0
              }
            ],
            "cluster": "projects/my-gke-project-3/locations/us-central1/clusters/prod-cluster",
            "id": "projects/my-gke-project-3/locations/us-central1/clusters/prod-cluster/nodePools/standard-pool",
            "initial_node_count": 0,
            "instance_group_urls": [
              "https://www.googleapis.com/compute/v1/projects/my-gke-project-3/zones/us-central1-b/instanceGroupManagers/gke-prod-cluster-standard-pool-6c0dbef3-grp",
              "https://www.googleapis.com/compute/v1/projects/my-gke-project-3/zones/us-central1-f/instanceGroupManagers/gke-prod-cluster-standard-pool-4f305fc3-grp",
              "https://www.googleapis.com/compute/v1/projects/my-gke-project-3/zones/us-central1-a/instanceGroupManagers/gke-prod-cluster-standard-pool-bf973697-grp"
            ],
            "location": "us-central1",
            "managed_instance_group_urls": [
              "https://www.googleapis.com/compute/v1/projects/my-gke-project-3/zones/us-central1-b/instanceGroups/gke-prod-cluster-standard-pool-6c0dbef3-grp",
              "https://www.googleapis.com/compute/v1/projects/my-gke-project-3/zones/us-central1-f/instanceGroups/gke-prod-cluster-standard-pool-4f305fc3-grp",
              "https://www.googleapis.com/compute/v1/projects/my-gke-project-3/zones/us-central1-a/instanceGroups/gke-prod-cluster-standard-pool-bf973697-grp"
            ],
            "management": [
              {
                "auto_repair": true,
                "auto_upgrade": true
              }
            ],
            "max_pods_per_node": 110,
            "name": "standard-pool",
            "name_prefix": "",
            "network_config": [
              {
                "additional_node_network_configs": [],
                "additional_pod_network_configs": [],
                "create_pod_range": false,
                "enable_private_nodes": true,
                "network_performance_config": [],
                "pod_cidr_overprovision_config": [],
                "pod_ipv4_cidr_block": "10.1.0.0/16",
                "pod_range": "pod-ranges"
              }
            ],
            "node_config": [
              {
                "advanced_machine_features": [],
                "boot_disk_kms_key": "",
                "confidential_nodes": [],
                "containerd_config": [],
                "disk_size_gb": 100,
                "disk_type": "pd-balanced",
                "effective_taints": [],
                "enable_confidential_storage": false,
                "ephemeral_storage_local_ssd_config": [],
                "fast_socket": [],
                "gcfs_config": [],
                "guest_accelerator": [],
                "gvnic": [],
                "host_maintenance_policy": [],
                "image_type": "COS_CONTAINERD",
                "kubelet_config": [
                  {
                    "cpu_cfs_quota": false,
                    "cpu_cfs_quota_period": "",
                    "cpu_manager_policy": "",
                    "insecure_kubelet_readonly_port_enabled": "FALSE",
                    "pod_pids_limit": 0
                  }
                ],
                "labels": {
                  "env": "prod",
                  "finops.tier": "backend"
                },
                "linux_node_config": [],
                "local_nvme_ssd_block_config": [],
                "local_ssd_count": 0,
                "logging_variant": "DEFAULT",
                "machine_type": "e2-standard-4",
                "metadata": {
                  "disable-legacy-endpoints": "true"
                },
                "min_cpu_platform": "",
                "node_group": "",
                "oauth_scopes": [
                  "https://www.googleapis.com/auth/devstorage.read_only",
                  "https://www.googleapis.com/auth/logging.write",
                  "https://www.googleapis.com/auth/monitoring",
                  "https://www.googleapis.com/auth/service.management.readonly",
                  "https://www.googleapis.com/auth/servicecontrol",
                  "https://www.googleapis.com/auth/trace.append"
                ],
                "preemptible": false,
                "reservation_affinity": [],
                "resource_labels": {
                  "goog-gke-node-pool-provisioning-model": "on-demand"
                },
                "resource_manager_tags": null,
                "secondary_boot_disks": [],
                "service_account": "default",
                "shielded_instance_config": [
                  {
                    "enable_integrity_monitoring": true,
                    "enable_secure_boot": true
                  }
                ],
                "sole_tenant_config": [],
                "spot": false,
                "tags": null,
                "taint": [],
                "workload_metadata_config": [
                  {
                    "mode": "GKE_METADATA"
                  }
                ]
              }
            ],
            "node_count": 0,
            "node_locations": [
              "us-central1-a",
              "us-central1-b",
              "us-central1-f"
            ],
            "operation": null,
            "placement_policy": [],
            "project": "my-gke-project-3",
            "queued_provisioning": [],
            "timeouts": null,
            "upgrade_settings": [
              {
                "blue_green_settings": [],
                "max_surge": 1,
                "max_unavailable": 0,
                "strategy": "SURGE"
              }
            ],
            "version": "1.34.3-gke.1318000"
          },
          "sensitive_attributes": [],
          "private": "eyJlMmJmYjczMC1lY2FhLTExZTYtOGY4OC0zNDM2M2JjN2M0YzAiOnsiY3JlYXRlIjoxODAwMDAwMDAwMDAwLCJkZWxldGUiOjE4MDAwMDAwMDAwMDAsInVwZGF0ZSI6MTgwMDAwMDAwMDAwMH0sInNjaGVtYV92ZXJzaW9uIjoiMSJ9",
          "dependencies": [
            "google_container_cluster.primary"
          ]
        }
      ]
    },
    {
      "mode": "managed",
      "type": "google_service_account",
      "name": "app_backend_sa",
      "provider": "provider[\"registry.terraform.io/hashicorp/google\"]",
      "instances": [
        {
          "schema_version": 0,
          "attributes": {
            "account_id": "app-backend-sa",
            "create_ignore_already_exists": null,
            "description": "",
            "disabled": false,
            "display_name": "App Backend Service Account",
            "email": "app-backend-sa@my-gke-project-3.iam.gserviceaccount.com",
            "id": "projects/my-gke-project-3/serviceAccounts/app-backend-sa@my-gke-project-3.iam.gserviceaccount.com",
            "member": "serviceAccount:app-backend-sa@my-gke-project-3.iam.gserviceaccount.com",
            "name": "projects/my-gke-project-3/serviceAccounts/app-backend-sa@my-gke-project-3.iam.gserviceaccount.com",
            "project": "my-gke-project-3",
            "timeouts": null,
            "unique_id": "108388337273594984232"
          },
          "sensitive_attributes": [],
          "private": "eyJlMmJmYjczMC1lY2FhLTExZTYtOGY4OC0zNDM2M2JjN2M0YzAiOnsiY3JlYXRlIjozMDAwMDAwMDAwMDB9fQ=="
        }
      ]
    },
    {
      "mode": "managed",
      "type": "google_service_account_iam_binding",
      "name": "workload_identity_binding",
      "provider": "provider[\"registry.terraform.io/hashicorp/google\"]",
      "instances": [
        {
          "schema_version": 0,
          "attributes": {
            "condition": [],
            "etag": "BwZMCUyscHw=",
            "id": "projects/my-gke-project-3/serviceAccounts/app-backend-sa@my-gke-project-3.iam.gserviceaccount.com/roles/iam.workloadIdentityUser",
            "members": [
              "serviceAccount:my-gke-project-3.svc.id.goog[prod-ns/backend-ksa]"
            ],
            "role": "roles/iam.workloadIdentityUser",
            "service_account_id": "projects/my-gke-project-3/serviceAccounts/app-backend-sa@my-gke-project-3.iam.gserviceaccount.com"
          },
          "sensitive_attributes": [],
          "private": "bnVsbA==",
          "dependencies": [
            "google_service_account.app_backend_sa"
          ]
        }
      ]
    }
  ],
  "check_results": null
}
